// !$*UTF8*$!
{
	archiveVersion = 1;
	classes = {
	};
	objectVersion = 56;
	objects = {

/* Begin PBXBuildFile section */
		6AC368D82C133122000688A2 /* SwiftTestSampleApp.swift in Sources */ = {isa = PBXBuildFile; fileRef = 6AC368D72C133122000688A2 /* SwiftTestSampleApp.swift */; };
		6AC368DA2C133122000688A2 /* ContentView.swift in Sources */ = {isa = PBXBuildFile; fileRef = 6AC368D92C133122000688A2 /* ContentView.swift */; };
		6AC368DC2C133122000688A2 /* Item.swift in Sources */ = {isa = PBXBuildFile; fileRef = 6AC368DB2C133122000688A2 /* Item.swift */; };
		6AC368DE2C133122000688A2 /* Assets.xcassets in Resources */ = {isa = PBXBuildFile; fileRef = 6AC368DD2C133122000688A2 /* Assets.xcassets */; };
		6AC368E12C133122000688A2 /* Preview Assets.xcassets in Resources */ = {isa = PBXBuildFile; fileRef = 6AC368E02C133122000688A2 /* Preview Assets.xcassets */; };
		6AC368EB2C133123000688A2 /* SwiftTestSampleTests.swift in Sources */ = {isa = PBXBuildFile; fileRef = 6AC368EA2C133123000688A2 /* SwiftTestSampleTests.swift */; };
		6AC368F52C133123000688A2 /* SwiftTestSampleUITests.swift in Sources */ = {isa = PBXBuildFile; fileRef = 6AC368F42C133123000688A2 /* SwiftTestSampleUITests.swift */; };
		6AC368F72C133123000688A2 /* SwiftTestSampleUITestsLaunchTests.swift in Sources */ = {isa = PBXBuildFile; fileRef = 6AC368F62C133123000688A2 /* SwiftTestSampleUITestsLaunchTests.swift */; };
		6AC369052C13335B000688A2 /* MultiplyModel.swift in Sources */ = {isa = PBXBuildFile; fileRef = 6AC369042C13335B000688A2 /* MultiplyModel.swift */; };
/* End PBXBuildFile section */

/* Begin PBXContainerItemProxy section */
		6AC368E72C133123000688A2 /* PBXContainerItemProxy */ = {
			isa = PBXContainerItemProxy;
			containerPortal = 6AC368CC2C133121000688A2 /* Project object */;
			proxyType = 1;
			remoteGlobalIDString = 6AC368D32C133122000688A2;
			remoteInfo = SwiftTestSample;
		};
		6AC368F12C133123000688A2 /* PBXContainerItemProxy */ = {
			isa = PBXContainerItemProxy;
			containerPortal = 6AC368CC2C133121000688A2 /* Project object */;
			proxyType = 1;
			remoteGlobalIDString = 6AC368D32C133122000688A2;
			remoteInfo = SwiftTestSample;
		};
/* End PBXContainerItemProxy section */

/* Begin PBXFileReference section */
		6AC368D42C133122000688A2 /* SwiftTestSample.app */ = {isa = PBXFileReference; explicitFileType = wrapper.application; includeInIndex = 0; path = SwiftTestSample.app; sourceTree = BUILT_PRODUCTS_DIR; };
		6AC368D72C133122000688A2 /* SwiftTestSampleApp.swift */ = {isa = PBXFileReference; lastKnownFileType = sourcecode.swift; path = SwiftTestSampleApp.swift; sourceTree = "<group>"; };
		6AC368D92C133122000688A2 /* ContentView.swift */ = {isa = PBXFileReference; lastKnownFileType = sourcecode.swift; path = ContentView.swift; sourceTree = "<group>"; };
		6AC368DB2C133122000688A2 /* Item.swift */ = {isa = PBXFileReference; lastKnownFileType = sourcecode.swift; path = Item.swift; sourceTree = "<group>"; };
		6AC368DD2C133122000688A2 /* Assets.xcassets */ = {isa = PBXFileReference; lastKnownFileType = folder.assetcatalog; path = Assets.xcassets; sourceTree = "<group>"; };
		6AC368E02C133122000688A2 /* Preview Assets.xcassets */ = {isa = PBXFileReference; lastKnownFileType = folder.assetcatalog; path = "Preview Assets.xcassets"; sourceTree = "<group>"; };
		6AC368E62C133123000688A2 /* SwiftTestSampleTests.xctest */ = {isa = PBXFileReference; explicitFileType = wrapper.cfbundle; includeInIndex = 0; path = SwiftTestSampleTests.xctest; sourceTree = BUILT_PRODUCTS_DIR; };
		6AC368EA2C133123000688A2 /* SwiftTestSampleTests.swift */ = {isa = PBXFileReference; lastKnownFileType = sourcecode.swift; path = SwiftTestSampleTests.swift; sourceTree = "<group>"; };
		6AC368F02C133123000688A2 /* SwiftTestSampleUITests.xctest */ = {isa = PBXFileReference; explicitFileType = wrapper.cfbundle; includeInIndex = 0; path = SwiftTestSampleUITests.xctest; sourceTree = BUILT_PRODUCTS_DIR; };
		6AC368F42C133123000688A2 /* SwiftTestSampleUITests.swift */ = {isa = PBXFileReference; lastKnownFileType = sourcecode.swift; path = SwiftTestSampleUITests.swift; sourceTree = "<group>"; };
		6AC368F62C133123000688A2 /* SwiftTestSampleUITestsLaunchTests.swift */ = {isa = PBXFileReference; lastKnownFileType = sourcecode.swift; path = SwiftTestSampleUITestsLaunchTests.swift; sourceTree = "<group>"; };
		6AC369042C13335B000688A2 /* MultiplyModel.swift */ = {isa = PBXFileReference; lastKnownFileType = sourcecode.swift; path = MultiplyModel.swift; sourceTree = "<group>"; };
/* End PBXFileReference section */

/* Begin PBXFrameworksBuildPhase section */
		6AC368D12C133122000688A2 /* Frameworks */ = {
			isa = PBXFrameworksBuildPhase;
			buildActionMask = 2147483647;
			files = (
			);
			runOnlyForDeploymentPostprocessing = 0;
		};
		6AC368E32C133123000688A2 /* Frameworks */ = {
			isa = PBXFrameworksBuildPhase;
			buildActionMask = 2147483647;
			files = (
			);
			runOnlyForDeploymentPostprocessing = 0;
		};
		6AC368ED2C133123000688A2 /* Frameworks */ = {
			isa = PBXFrameworksBuildPhase;
			buildActionMask = 2147483647;
			files = (
			);
			runOnlyForDeploymentPostprocessing = 0;
		};
/* End PBXFrameworksBuildPhase section */

/* Begin PBXGroup section */
		6AC368CB2C133121000688A2 = {
			isa = PBXGroup;
			children = (
				6AC368D62C133122000688A2 /* SwiftTestSample */,
				6AC368E92C133123000688A2 /* SwiftTestSampleTests */,
				6AC368F32C133123000688A2 /* SwiftTestSampleUITests */,
				6AC368D52C133122000688A2 /* Products */,
			);
			sourceTree = "<group>";
		};
		6AC368D52C133122000688A2 /* Products */ = {
			isa = PBXGroup;
			children = (
				6AC368D42C133122000688A2 /* SwiftTestSample.app */,
				6AC368E62C133123000688A2 /* SwiftTestSampleTests.xctest */,
				6AC368F02C133123000688A2 /* SwiftTestSampleUITests.xctest */,
			);
			name = Products;
			sourceTree = "<group>";
		};
		6AC368D62C133122000688A2 /* SwiftTestSample */ = {
			isa = PBXGroup;
			children = (
				6AC369032C13332C000688A2 /* Model */,
				6AC368D72C133122000688A2 /* SwiftTestSampleApp.swift */,
				6AC368D92C133122000688A2 /* ContentView.swift */,
				6AC368DB2C133122000688A2 /* Item.swift */,
				6AC368DD2C133122000688A2 /* Assets.xcassets */,
				6AC368DF2C133122000688A2 /* Preview Content */,
			);
			path = SwiftTestSample;
			sourceTree = "<group>";
		};
		6AC368DF2C133122000688A2 /* Preview Content */ = {
			isa = PBXGroup;
			children = (
				6AC368E02C133122000688A2 /* Preview Assets.xcassets */,
			);
			path = "Preview Content";
			sourceTree = "<group>";
		};
		6AC368E92C133123000688A2 /* SwiftTestSampleTests */ = {
			isa = PBXGroup;
			children = (
				6AC368EA2C133123000688A2 /* SwiftTestSampleTests.swift */,
			);
			path = SwiftTestSampleTests;
			sourceTree = "<group>";
		};
		6AC368F32C133123000688A2 /* SwiftTestSampleUITests */ = {
			isa = PBXGroup;
			children = (
				6AC368F42C133123000688A2 /* SwiftTestSampleUITests.swift */,
				6AC368F62C133123000688A2 /* SwiftTestSampleUITestsLaunchTests.swift */,
			);
			path = SwiftTestSampleUITests;
			sourceTree = "<group>";
		};
		6AC369032C13332C000688A2 /* Model */ = {
			isa = PBXGroup;
			children = (
				6AC369042C13335B000688A2 /* MultiplyModel.swift */,
			);
			path = Model;
			sourceTree = "<group>";
		};
/* End PBXGroup section */

/* Begin PBXNativeTarget section */
		6AC368D32C133122000688A2 /* SwiftTestSample */ = {
			isa = PBXNativeTarget;
			buildConfigurationList = 6AC368FA2C133123000688A2 /* Build configuration list for PBXNativeTarget "SwiftTestSample" */;
			buildPhases = (
				6AC368D02C133122000688A2 /* Sources */,
				6AC368D12C133122000688A2 /* Frameworks */,
				6AC368D22C133122000688A2 /* Resources */,
			);
			buildRules = (
			);
			dependencies = (
			);
			name = SwiftTestSample;
			productName = SwiftTestSample;
			productReference = 6AC368D42C133122000688A2 /* SwiftTestSample.app */;
			productType = "com.apple.product-type.application";
		};
		6AC368E52C133123000688A2 /* SwiftTestSampleTests */ = {
			isa = PBXNativeTarget;
			buildConfigurationList = 6AC368FD2C133123000688A2 /* Build configuration list for PBXNativeTarget "SwiftTestSampleTests" */;
			buildPhases = (
				6AC368E22C133123000688A2 /* Sources */,
				6AC368E32C133123000688A2 /* Frameworks */,
				6AC368E42C133123000688A2 /* Resources */,
			);
			buildRules = (
			);
			dependencies = (
				6AC368E82C133123000688A2 /* PBXTargetDependency */,
			);
			name = SwiftTestSampleTests;
			productName = SwiftTestSampleTests;
			productReference = 6AC368E62C133123000688A2 /* SwiftTestSampleTests.xctest */;
			productType = "com.apple.product-type.bundle.unit-test";
		};
		6AC368EF2C133123000688A2 /* SwiftTestSampleUITests */ = {
			isa = PBXNativeTarget;
			buildConfigurationList = 6AC369002C133123000688A2 /* Build configuration list for PBXNativeTarget "SwiftTestSampleUITests" */;
			buildPhases = (
				6AC368EC2C133123000688A2 /* Sources */,
				6AC368ED2C133123000688A2 /* Frameworks */,
				6AC368EE2C133123000688A2 /* Resources */,
			);
			buildRules = (
			);
			dependencies = (
				6AC368F22C133123000688A2 /* PBXTargetDependency */,
			);
			name = SwiftTestSampleUITests;
			productName = SwiftTestSampleUITests;
			productReference = 6AC368F02C133123000688A2 /* SwiftTestSampleUITests.xctest */;
			productType = "com.apple.product-type.bundle.ui-testing";
		};
/* End PBXNativeTarget section */

/* Begin PBXProject section */
		6AC368CC2C133121000688A2 /* Project object */ = {
			isa = PBXProject;
			attributes = {
				BuildIndependentTargetsInParallel = 1;
				LastSwiftUpdateCheck = 1500;
				LastUpgradeCheck = 1500;
				TargetAttributes = {
					6AC368D32C133122000688A2 = {
						CreatedOnToolsVersion = 15.0.1;
					};
					6AC368E52C133123000688A2 = {
						CreatedOnToolsVersion = 15.0.1;
						TestTargetID = 6AC368D32C133122000688A2;
					};
					6AC368EF2C133123000688A2 = {
						CreatedOnToolsVersion = 15.0.1;
						TestTargetID = 6AC368D32C133122000688A2;
					};
				};
			};
			buildConfigurationList = 6AC368CF2C133121000688A2 /* Build configuration list for PBXProject "SwiftTestSample" */;
			compatibilityVersion = "Xcode 14.0";
			developmentRegion = en;
			hasScannedForEncodings = 0;
			knownRegions = (
				en,
				Base,
			);
			mainGroup = 6AC368CB2C133121000688A2;
			productRefGroup = 6AC368D52C133122000688A2 /* Products */;
			projectDirPath = "";
			projectRoot = "";
			targets = (
				6AC368D32C133122000688A2 /* SwiftTestSample */,
				6AC368E52C133123000688A2 /* SwiftTestSampleTests */,
				6AC368EF2C133123000688A2 /* SwiftTestSampleUITests */,
			);
		};
/* End PBXProject section */

/* Begin PBXResourcesBuildPhase section */
		6AC368D22C133122000688A2 /* Resources */ = {
			isa = PBXResourcesBuildPhase;
			buildActionMask = 2147483647;
			files = (
				6AC368E12C133122000688A2 /* Preview Assets.xcassets in Resources */,
				6AC368DE2C133122000688A2 /* Assets.xcassets in Resources */,
			);
			runOnlyForDeploymentPostprocessing = 0;
		};
		6AC368E42C133123000688A2 /* Resources */ = {
			isa = PBXResourcesBuildPhase;
			buildActionMask = 2147483647;
			files = (
			);
			runOnlyForDeploymentPostprocessing = 0;
		};
		6AC368EE2C133123000688A2 /* Resources */ = {
			isa = PBXResourcesBuildPhase;
			buildActionMask = 2147483647;
			files = (
			);
			runOnlyForDeploymentPostprocessing = 0;
		};
/* End PBXResourcesBuildPhase section */

/* Begin PBXSourcesBuildPhase section */
		6AC368D02C133122000688A2 /* Sources */ = {
			isa = PBXSourcesBuildPhase;
			buildActionMask = 2147483647;
			files = (
				6AC368DA2C133122000688A2 /* ContentView.swift in Sources */,
				6AC368DC2C133122000688A2 /* Item.swift in Sources */,
				6AC368D82C133122000688A2 /* SwiftTestSampleApp.swift in Sources */,
				6AC369052C13335B000688A2 /* MultiplyModel.swift in Sources */,
			);
			runOnlyForDeploymentPostprocessing = 0;
		};
		6AC368E22C133123000688A2 /* Sources */ = {
			isa = PBXSourcesBuildPhase;
			buildActionMask = 2147483647;
			files = (
				6AC368EB2C133123000688A2 /* SwiftTestSampleTests.swift in Sources */,
			);
			runOnlyForDeploymentPostprocessing = 0;
		};
		6AC368EC2C133123000688A2 /* Sources */ = {
			isa = PBXSourcesBuildPhase;
			buildActionMask = 2147483647;
			files = (
				6AC368F72C133123000688A2 /* SwiftTestSampleUITestsLaunchTests.swift in Sources */,
				6AC368F52C133123000688A2 /* SwiftTestSampleUITests.swift in Sources */,
			);
			runOnlyForDeploymentPostprocessing = 0;
		};
/* End PBXSourcesBuildPhase section */

/* Begin PBXTargetDependency section */
		6AC368E82C133123000688A2 /* PBXTargetDependency */ = {
			isa = PBXTargetDependency;
			target = 6AC368D32C133122000688A2 /* SwiftTestSample */;
			targetProxy = 6AC368E72C133123000688A2 /* PBXContainerItemProxy */;
		};
		6AC368F22C133123000688A2 /* PBXTargetDependency */ = {
			isa = PBXTargetDependency;
			target = 6AC368D32C133122000688A2 /* SwiftTestSample */;
			targetProxy = 6AC368F12C133123000688A2 /* PBXContainerItemProxy */;
		};
/* End PBXTargetDependency section */

/* Begin XCBuildConfiguration section */
		6AC368F82C133123000688A2 /* Debug */ = {
			isa = XCBuildConfiguration;
			buildSettings = {
				ALWAYS_SEARCH_USER_PATHS = NO;
				ASSETCATALOG_COMPILER_GENERATE_SWIFT_ASSET_SYMBOL_EXTENSIONS = YES;
				CLANG_ANALYZER_NONNULL = YES;
				CLANG_ANALYZER_NUMBER_OBJECT_CONVERSION = YES_AGGRESSIVE;
				CLANG_CXX_LANGUAGE_STANDARD = "gnu++20";
				CLANG_ENABLE_MODULES = YES;
				CLANG_ENABLE_OBJC_ARC = YES;
				CLANG_ENABLE_OBJC_WEAK = YES;
				CLANG_WARN_BLOCK_CAPTURE_AUTORELEASING = YES;
				CLANG_WARN_BOOL_CONVERSION = YES;
				CLANG_WARN_COMMA = YES;
				CLANG_WARN_CONSTANT_CONVERSION = YES;
				CLANG_WARN_DEPRECATED_OBJC_IMPLEMENTATIONS = YES;
				CLANG_WARN_DIRECT_OBJC_ISA_USAGE = YES_ERROR;
				CLANG_WARN_DOCUMENTATION_COMMENTS = YES;
				CLANG_WARN_EMPTY_BODY = YES;
				CLANG_WARN_ENUM_CONVERSION = YES;
				CLANG_WARN_INFINITE_RECURSION = YES;
				CLANG_WARN_INT_CONVERSION = YES;
				CLANG_WARN_NON_LITERAL_NULL_CONVERSION = YES;
				CLANG_WARN_OBJC_IMPLICIT_RETAIN_SELF = YES;
				CLANG_WARN_OBJC_LITERAL_CONVERSION = YES;
				CLANG_WARN_OBJC_ROOT_CLASS = YES_ERROR;
				CLANG_WARN_QUOTED_INCLUDE_IN_FRAMEWORK_HEADER = YES;
				CLANG_WARN_RANGE_LOOP_ANALYSIS = YES;
				CLANG_WARN_STRICT_PROTOTYPES = YES;
				CLANG_WARN_SUSPICIOUS_MOVE = YES;
				CLANG_WARN_UNGUARDED_AVAILABILITY = YES_AGGRESSIVE;
				CLANG_WARN_UNREACHABLE_CODE = YES;
				CLANG_WARN__DUPLICATE_METHOD_MATCH = YES;
				COPY_PHASE_STRIP = NO;
				DEBUG_INFORMATION_FORMAT = dwarf;
				ENABLE_STRICT_OBJC_MSGSEND = YES;
				ENABLE_TESTABILITY = YES;
				ENABLE_USER_SCRIPT_SANDBOXING = YES;
				GCC_C_LANGUAGE_STANDARD = gnu17;
				GCC_DYNAMIC_NO_PIC = NO;
				GCC_NO_COMMON_BLOCKS = YES;
				GCC_OPTIMIZATION_LEVEL = 0;
				GCC_PREPROCESSOR_DEFINITIONS = (
					"DEBUG=1",
					"$(inherited)",
				);
				GCC_WARN_64_TO_32_BIT_CONVERSION = YES;
				GCC_WARN_ABOUT_RETURN_TYPE = YES_ERROR;
				GCC_WARN_UNDECLARED_SELECTOR = YES;
				GCC_WARN_UNINITIALIZED_AUTOS = YES_AGGRESSIVE;
				GCC_WARN_UNUSED_FUNCTION = YES;
				GCC_WARN_UNUSED_VARIABLE = YES;
				IPHONEOS_DEPLOYMENT_TARGET = 17.0;
				LOCALIZATION_PREFERS_STRING_CATALOGS = YES;
				MTL_ENABLE_DEBUG_INFO = INCLUDE_SOURCE;
				MTL_FAST_MATH = YES;
				ONLY_ACTIVE_ARCH = YES;
				SDKROOT = iphoneos;
				SWIFT_ACTIVE_COMPILATION_CONDITIONS = "DEBUG $(inherited)";
				SWIFT_OPTIMIZATION_LEVEL = "-Onone";
			};
			name = Debug;
		};
		6AC368F92C133123000688A2 /* Release */ = {
			isa = XCBuildConfiguration;
			buildSettings = {
				ALWAYS_SEARCH_USER_PATHS = NO;
				ASSETCATALOG_COMPILER_GENERATE_SWIFT_ASSET_SYMBOL_EXTENSIONS = YES;
				CLANG_ANALYZER_NONNULL = YES;
				CLANG_ANALYZER_NUMBER_OBJECT_CONVERSION = YES_AGGRESSIVE;
				CLANG_CXX_LANGUAGE_STANDARD = "gnu++20";
				CLANG_ENABLE_MODULES = YES;
				CLANG_ENABLE_OBJC_ARC = YES;
				CLANG_ENABLE_OBJC_WEAK = YES;
				CLANG_WARN_BLOCK_CAPTURE_AUTORELEASING = YES;
				CLANG_WARN_BOOL_CONVERSION = YES;
				CLANG_WARN_COMMA = YES;
				CLANG_WARN_CONSTANT_CONVERSION = YES;
				CLANG_WARN_DEPRECATED_OBJC_IMPLEMENTATIONS = YES;
				CLANG_WARN_DIRECT_OBJC_ISA_USAGE = YES_ERROR;
				CLANG_WARN_DOCUMENTATION_COMMENTS = YES;
				CLANG_WARN_EMPTY_BODY = YES;
				CLANG_WARN_ENUM_CONVERSION = YES;
				CLANG_WARN_INFINITE_RECURSION = YES;
				CLANG_WARN_INT_CONVERSION = YES;
				CLANG_WARN_NON_LITERAL_NULL_CONVERSION = YES;
				CLANG_WARN_OBJC_IMPLICIT_RETAIN_SELF = YES;
				CLANG_WARN_OBJC_LITERAL_CONVERSION = YES;
				CLANG_WARN_OBJC_ROOT_CLASS = YES_ERROR;
				CLANG_WARN_QUOTED_INCLUDE_IN_FRAMEWORK_HEADER = YES;
				CLANG_WARN_RANGE_LOOP_ANALYSIS = YES;
				CLANG_WARN_STRICT_PROTOTYPES = YES;
				CLANG_WARN_SUSPICIOUS_MOVE = YES;
				CLANG_WARN_UNGUARDED_AVAILABILITY = YES_AGGRESSIVE;
				CLANG_WARN_UNREACHABLE_CODE = YES;
				CLANG_WARN__DUPLICATE_METHOD_MATCH = YES;
				COPY_PHASE_STRIP = NO;
				DEBUG_INFORMATION_FORMAT = "dwarf-with-dsym";
				ENABLE_NS_ASSERTIONS = NO;
				ENABLE_STRICT_OBJC_MSGSEND = YES;
				ENABLE_USER_SCRIPT_SANDBOXING = YES;
				GCC_C_LANGUAGE_STANDARD = gnu17;
				GCC_NO_COMMON_BLOCKS = YES;
				GCC_WARN_64_TO_32_BIT_CONVERSION = YES;
				GCC_WARN_ABOUT_RETURN_TYPE = YES_ERROR;
				GCC_WARN_UNDECLARED_SELECTOR = YES;
				GCC_WARN_UNINITIALIZED_AUTOS = YES_AGGRESSIVE;
				GCC_WARN_UNUSED_FUNCTION = YES;
				GCC_WARN_UNUSED_VARIABLE = YES;
				IPHONEOS_DEPLOYMENT_TARGET = 17.0;
				LOCALIZATION_PREFERS_STRING_CATALOGS = YES;
				MTL_ENABLE_DEBUG_INFO = NO;
				MTL_FAST_MATH = YES;
				SDKROOT = iphoneos;
				SWIFT_COMPILATION_MODE = wholemodule;
				VALIDATE_PRODUCT = YES;
			};
			name = Release;
		};
		6AC368FB2C133123000688A2 /* Debug */ = {
			isa = XCBuildConfiguration;
			buildSettings = {
				ASSETCATALOG_COMPILER_APPICON_NAME = AppIcon;
				ASSETCATALOG_COMPILER_GLOBAL_ACCENT_COLOR_NAME = AccentColor;
				CODE_SIGN_STYLE = Automatic;
				CURRENT_PROJECT_VERSION = 1;
				DEVELOPMENT_ASSET_PATHS = "\"SwiftTestSample/Preview Content\"";
				DEVELOPMENT_TEAM = TSRL34C29U;
				ENABLE_PREVIEWS = YES;
				GENERATE_INFOPLIST_FILE = YES;
				INFOPLIST_KEY_UIApplicationSceneManifest_Generation = YES;
				INFOPLIST_KEY_UIApplicationSupportsIndirectInputEvents = YES;
				INFOPLIST_KEY_UILaunchScreen_Generation = YES;
				INFOPLIST_KEY_UISupportedInterfaceOrientations_iPad = "UIInterfaceOrientationPortrait UIInterfaceOrientationPortraitUpsideDown UIInterfaceOrientationLandscapeLeft UIInterfaceOrientationLandscapeRight";
				INFOPLIST_KEY_UISupportedInterfaceOrientations_iPhone = "UIInterfaceOrientationPortrait UIInterfaceOrientationLandscapeLeft UIInterfaceOrientationLandscapeRight";
				LD_RUNPATH_SEARCH_PATHS = (
					"$(inherited)",
					"@executable_path/Frameworks",
				);
				MARKETING_VERSION = 1.0;
				PRODUCT_BUNDLE_IDENTIFIER = "info.ryutaro-t.SwiftTestSample";
				PRODUCT_NAME = "$(TARGET_NAME)";
				SWIFT_EMIT_LOC_STRINGS = YES;
				SWIFT_VERSION = 5.0;
				TARGETED_DEVICE_FAMILY = "1,2";
			};
			name = Debug;
		};
		6AC368FC2C133123000688A2 /* Release */ = {
			isa = XCBuildConfiguration;
			buildSettings = {
				ASSETCATALOG_COMPILER_APPICON_NAME = AppIcon;
				ASSETCATALOG_COMPILER_GLOBAL_ACCENT_COLOR_NAME = AccentColor;
				CODE_SIGN_STYLE = Automatic;
				CURRENT_PROJECT_VERSION = 1;
				DEVELOPMENT_ASSET_PATHS = "\"SwiftTestSample/Preview Content\"";
				DEVELOPMENT_TEAM = TSRL34C29U;
				ENABLE_PREVIEWS = YES;
				GENERATE_INFOPLIST_FILE = YES;
				INFOPLIST_KEY_UIApplicationSceneManifest_Generation = YES;
				INFOPLIST_KEY_UIApplicationSupportsIndirectInputEvents = YES;
				INFOPLIST_KEY_UILaunchScreen_Generation = YES;
				INFOPLIST_KEY_UISupportedInterfaceOrientations_iPad = "UIInterfaceOrientationPortrait UIInterfaceOrientationPortraitUpsideDown UIInterfaceOrientationLandscapeLeft UIInterfaceOrientationLandscapeRight";
				INFOPLIST_KEY_UISupportedInterfaceOrientations_iPhone = "UIInterfaceOrientationPortrait UIInterfaceOrientationLandscapeLeft UIInterfaceOrientationLandscapeRight";
				LD_RUNPATH_SEARCH_PATHS = (
					"$(inherited)",
					"@executable_path/Frameworks",
				);
				MARKETING_VERSION = 1.0;
				PRODUCT_BUNDLE_IDENTIFIER = "info.ryutaro-t.SwiftTestSample";
				PRODUCT_NAME = "$(TARGET_NAME)";
				SWIFT_EMIT_LOC_STRINGS = YES;
				SWIFT_VERSION = 5.0;
				TARGETED_DEVICE_FAMILY = "1,2";
			};
			name = Release;
		};
		6AC368FE2C133123000688A2 /* Debug */ = {
			isa = XCBuildConfiguration;
			buildSettings = {
				ALWAYS_EMBED_SWIFT_STANDARD_LIBRARIES = YES;
				BUNDLE_LOADER = "$(TEST_HOST)";
				CODE_SIGN_STYLE = Automatic;
				CURRENT_PROJECT_VERSION = 1;
				DEVELOPMENT_TEAM = TSRL34C29U;
				GENERATE_INFOPLIST_FILE = YES;
				IPHONEOS_DEPLOYMENT_TARGET = 17.0;
				MARKETING_VERSION = 1.0;
				PRODUCT_BUNDLE_IDENTIFIER = "info.ryutaro-t.SwiftTestSampleTests";
				PRODUCT_NAME = "$(TARGET_NAME)";
				SWIFT_EMIT_LOC_STRINGS = NO;
				SWIFT_VERSION = 5.0;
				TARGETED_DEVICE_FAMILY = "1,2";
				TEST_HOST = "$(BUILT_PRODUCTS_DIR)/SwiftTestSample.app/$(BUNDLE_EXECUTABLE_FOLDER_PATH)/SwiftTestSample";
			};
			name = Debug;
		};
		6AC368FF2C133123000688A2 /* Release */ = {
			isa = XCBuildConfiguration;
			buildSettings = {
				ALWAYS_EMBED_SWIFT_STANDARD_LIBRARIES = YES;
				BUNDLE_LOADER = "$(TEST_HOST)";
				CODE_SIGN_STYLE = Automatic;
				CURRENT_PROJECT_VERSION = 1;
				DEVELOPMENT_TEAM = TSRL34C29U;
				GENERATE_INFOPLIST_FILE = YES;
				IPHONEOS_DEPLOYMENT_TARGET = 17.0;
				MARKETING_VERSION = 1.0;
				PRODUCT_BUNDLE_IDENTIFIER = "info.ryutaro-t.SwiftTestSampleTests";
				PRODUCT_NAME = "$(TARGET_NAME)";
				SWIFT_EMIT_LOC_STRINGS = NO;
				SWIFT_VERSION = 5.0;
				TARGETED_DEVICE_FAMILY = "1,2";
				TEST_HOST = "$(BUILT_PRODUCTS_DIR)/SwiftTestSample.app/$(BUNDLE_EXECUTABLE_FOLDER_PATH)/SwiftTestSample";
			};
			name = Release;
		};
		6AC369012C133123000688A2 /* Debug */ = {
			isa = XCBuildConfiguration;
			buildSettings = {
				ALWAYS_EMBED_SWIFT_STANDARD_LIBRARIES = YES;
				CODE_SIGN_STYLE = Automatic;
				CURRENT_PROJECT_VERSION = 1;
				DEVELOPMENT_TEAM = TSRL34C29U;
				GENERATE_INFOPLIST_FILE = YES;
				MARKETING_VERSION = 1.0;
				PRODUCT_BUNDLE_IDENTIFIER = "info.ryutaro-t.SwiftTestSampleUITests";
				PRODUCT_NAME = "$(TARGET_NAME)";
				SWIFT_EMIT_LOC_STRINGS = NO;
				SWIFT_VERSION = 5.0;
				TARGETED_DEVICE_FAMILY = "1,2";
				TEST_TARGET_NAME = SwiftTestSample;
			};
			name = Debug;
		};
		6AC369022C133123000688A2 /* Release */ = {
			isa = XCBuildConfiguration;
			buildSettings = {
				ALWAYS_EMBED_SWIFT_STANDARD_LIBRARIES = YES;
				CODE_SIGN_STYLE = Automatic;
				CURRENT_PROJECT_VERSION = 1;
				DEVELOPMENT_TEAM = TSRL34C29U;
				GENERATE_INFOPLIST_FILE = YES;
				MARKETING_VERSION = 1.0;
				PRODUCT_BUNDLE_IDENTIFIER = "info.ryutaro-t.SwiftTestSampleUITests";
				PRODUCT_NAME = "$(TARGET_NAME)";
				SWIFT_EMIT_LOC_STRINGS = NO;
				SWIFT_VERSION = 5.0;
				TARGETED_DEVICE_FAMILY = "1,2";
				TEST_TARGET_NAME = SwiftTestSample;
			};
			name = Release;
		};
/* End XCBuildConfiguration section */

/* Begin XCConfigurationList section */
		6AC368CF2C133121000688A2 /* Build configuration list for PBXProject "SwiftTestSample" */ = {
			isa = XCConfigurationList;
			buildConfigurations = (
				6AC368F82C133123000688A2 /* Debug */,
				6AC368F92C133123000688A2 /* Release */,
			);
			defaultConfigurationIsVisible = 0;
			defaultConfigurationName = Release;
		};
		6AC368FA2C133123000688A2 /* Build configuration list for PBXNativeTarget "SwiftTestSample" */ = {
			isa = XCConfigurationList;
			buildConfigurations = (
				6AC368FB2C133123000688A2 /* Debug */,
				6AC368FC2C133123000688A2 /* Release */,
			);
			defaultConfigurationIsVisible = 0;
			defaultConfigurationName = Release;
		};
		6AC368FD2C133123000688A2 /* Build configuration list for PBXNativeTarget "SwiftTestSampleTests" */ = {
			isa = XCConfigurationList;
			buildConfigurations = (
				6AC368FE2C133123000688A2 /* Debug */,
				6AC368FF2C133123000688A2 /* Release */,
			);
			defaultConfigurationIsVisible = 0;
			defaultConfigurationName = Release;
		};
		6AC369002C133123000688A2 /* Build configuration list for PBXNativeTarget "SwiftTestSampleUITests" */ = {
			isa = XCConfigurationList;
			buildConfigurations = (
				6AC369012C133123000688A2 /* Debug */,
				6AC369022C133123000688A2 /* Release */,
			);
			defaultConfigurationIsVisible = 0;
			defaultConfigurationName = Release;
		};
/* End XCConfigurationList section */
	};
	rootObject = 6AC368CC2C133121000688A2 /* Project object */;
}
